
Microsoft Visual Studio Solution File, Format Version 12.00
# Visual Studio Version 17
VisualStudioVersion = 17.10.35013.160
MinimumVisualStudioVersion = 10.0.40219.1
Project("{8BC9CEB8-8B4A-11D0-8D11-00A0C91BC942}") = "029_VAbsoluto_app", "029_VAbsoluto_app.vcxproj", "{4EFFBCFC-EDD7-4CD6-B465-963E1226D56A}"
EndProject
Global
	GlobalSection(SolutionConfigurationPlatforms) = preSolution
		Debug|x64 = Debug|x64
		Debug|x86 = Debug|x86
		Release|x64 = Release|x64
		Release|x86 = Release|x86
	EndGlobalSection
	GlobalSection(ProjectConfigurationPlatforms) = postSolution
		{4EFFBCFC-EDD7-4CD6-B465-963E1226D56A}.Debug|x64.ActiveCfg = Debug|x64
		{4EFFBCFC-EDD7-4CD6-B465-963E1226D56A}.Debug|x64.Build.0 = Debug|x64
		{4EFFBCFC-EDD7-4CD6-B465-963E1226D56A}.Debug|x86.ActiveCfg = Debug|Win32
		{4EFFBCFC-EDD7-4CD6-B465-963E1226D56A}.Debug|x86.Build.0 = Debug|Win32
		{4EFFBCFC-EDD7-4CD6-B465-963E1226D56A}.Release|x64.ActiveCfg = Release|x64
		{4EFFBCFC-EDD7-4CD6-B465-963E1226D56A}.Release|x64.Build.0 = Release|x64
		{4EFFBCFC-EDD7-4CD6-B465-963E1226D56A}.Release|x86.ActiveCfg = Release|Win32
		{4EFFBCFC-EDD7-4CD6-B465-963E1226D56A}.Release|x86.Build.0 = Release|Win32
	EndGlobalSection
	GlobalSection(SolutionProperties) = preSolution
		HideSolutionNode = FALSE
	EndGlobalSection
	GlobalSection(ExtensibilityGlobals) = postSolution
		SolutionGuid = {F09C31D1-B985-4D2B-B6E3-11D1AEFC7764}
	EndGlobalSection
EndGlobal
